
Microsoft Visual Studio Solution File, Format Version 12.00
# Visual Studio Version 17
VisualStudioVersion = 17.0.31903.59
MinimumVisualStudioVersion = 10.0.40219.1
Project("{FAE04EC0-301F-11D3-BF4B-00C04F79EFBC}") = "UsbFileSync.Core", "UsbFileSync.Core\UsbFileSync.Core.csproj", "{6A6A70DA-0FE6-4B07-A023-33EE2E58940B}"
EndProject
Project("{FAE04EC0-301F-11D3-BF4B-00C04F79EFBC}") = "UsbFileSync.App", "UsbFileSync.App\UsbFileSync.App.csproj", "{F47BE19F-ECED-4B69-BBAD-2219CB7D6B4B}"
EndProject
Project("{FAE04EC0-301F-11D3-BF4B-00C04F79EFBC}") = "UsbFileSync.Tests", "UsbFileSync.Tests\UsbFileSync.Tests.csproj", "{B64DAAF4-A2DB-4FFC-A663-770366011383}"
EndProject
Project("{FAE04EC0-301F-11D3-BF4B-00C04F79EFBC}") = "UsbFileSync.Platform.Windows", "UsbFileSync.Platform.Windows\UsbFileSync.Platform.Windows.csproj", "{3EAF2769-130B-4D54-BCC8-46EF8B826E98}"
EndProject
Project("{FAE04EC0-301F-11D3-BF4B-00C04F79EFBC}") = "UsbFileSync.Contracts", "UsbFileSync.Contracts\UsbFileSync.Contracts.csproj", "{D5E7557A-717B-4920-B21A-5D0FE77380E0}"
EndProject
Global
	GlobalSection(SolutionConfigurationPlatforms) = preSolution
		Debug|Any CPU = Debug|Any CPU
		Debug|x64 = Debug|x64
		Debug|x86 = Debug|x86
		Release|Any CPU = Release|Any CPU
		Release|x64 = Release|x64
		Release|x86 = Release|x86
	EndGlobalSection
	GlobalSection(ProjectConfigurationPlatforms) = postSolution
		{6A6A70DA-0FE6-4B07-A023-33EE2E58940B}.Debug|Any CPU.ActiveCfg = Debug|Any CPU
		{6A6A70DA-0FE6-4B07-A023-33EE2E58940B}.Debug|Any CPU.Build.0 = Debug|Any CPU
		{6A6A70DA-0FE6-4B07-A023-33EE2E58940B}.Debug|x64.ActiveCfg = Debug|Any CPU
		{6A6A70DA-0FE6-4B07-A023-33EE2E58940B}.Debug|x64.Build.0 = Debug|Any CPU
		{6A6A70DA-0FE6-4B07-A023-33EE2E58940B}.Debug|x86.ActiveCfg = Debug|Any CPU
		{6A6A70DA-0FE6-4B07-A023-33EE2E58940B}.Debug|x86.Build.0 = Debug|Any CPU
		{6A6A70DA-0FE6-4B07-A023-33EE2E58940B}.Release|Any CPU.ActiveCfg = Release|Any CPU
		{6A6A70DA-0FE6-4B07-A023-33EE2E58940B}.Release|Any CPU.Build.0 = Release|Any CPU
		{6A6A70DA-0FE6-4B07-A023-33EE2E58940B}.Release|x64.ActiveCfg = Release|Any CPU
		{6A6A70DA-0FE6-4B07-A023-33EE2E58940B}.Release|x64.Build.0 = Release|Any CPU
		{6A6A70DA-0FE6-4B07-A023-33EE2E58940B}.Release|x86.ActiveCfg = Release|Any CPU
		{6A6A70DA-0FE6-4B07-A023-33EE2E58940B}.Release|x86.Build.0 = Release|Any CPU
		{F47BE19F-ECED-4B69-BBAD-2219CB7D6B4B}.Debug|Any CPU.ActiveCfg = Debug|Any CPU
		{F47BE19F-ECED-4B69-BBAD-2219CB7D6B4B}.Debug|Any CPU.Build.0 = Debug|Any CPU
		{F47BE19F-ECED-4B69-BBAD-2219CB7D6B4B}.Debug|x64.ActiveCfg = Debug|Any CPU
		{F47BE19F-ECED-4B69-BBAD-2219CB7D6B4B}.Debug|x64.Build.0 = Debug|Any CPU
		{F47BE19F-ECED-4B69-BBAD-2219CB7D6B4B}.Debug|x86.ActiveCfg = Debug|Any CPU
		{F47BE19F-ECED-4B69-BBAD-2219CB7D6B4B}.Debug|x86.Build.0 = Debug|Any CPU
		{F47BE19F-ECED-4B69-BBAD-2219CB7D6B4B}.Release|Any CPU.ActiveCfg = Release|Any CPU
		{F47BE19F-ECED-4B69-BBAD-2219CB7D6B4B}.Release|Any CPU.Build.0 = Release|Any CPU
		{F47BE19F-ECED-4B69-BBAD-2219CB7D6B4B}.Release|x64.ActiveCfg = Release|Any CPU
		{F47BE19F-ECED-4B69-BBAD-2219CB7D6B4B}.Release|x64.Build.0 = Release|Any CPU
		{F47BE19F-ECED-4B69-BBAD-2219CB7D6B4B}.Release|x86.ActiveCfg = Release|Any CPU
		{F47BE19F-ECED-4B69-BBAD-2219CB7D6B4B}.Release|x86.Build.0 = Release|Any CPU
		{B64DAAF4-A2DB-4FFC-A663-770366011383}.Debug|Any CPU.ActiveCfg = Debug|Any CPU
		{B64DAAF4-A2DB-4FFC-A663-770366011383}.Debug|Any CPU.Build.0 = Debug|Any CPU
		{B64DAAF4-A2DB-4FFC-A663-770366011383}.Debug|x64.ActiveCfg = Debug|Any CPU
		{B64DAAF4-A2DB-4FFC-A663-770366011383}.Debug|x64.Build.0 = Debug|Any CPU
		{B64DAAF4-A2DB-4FFC-A663-770366011383}.Debug|x86.ActiveCfg = Debug|Any CPU
		{B64DAAF4-A2DB-4FFC-A663-770366011383}.Debug|x86.Build.0 = Debug|Any CPU
		{B64DAAF4-A2DB-4FFC-A663-770366011383}.Release|Any CPU.ActiveCfg = Release|Any CPU
		{B64DAAF4-A2DB-4FFC-A663-770366011383}.Release|Any CPU.Build.0 = Release|Any CPU
		{B64DAAF4-A2DB-4FFC-A663-770366011383}.Release|x64.ActiveCfg = Release|Any CPU
		{B64DAAF4-A2DB-4FFC-A663-770366011383}.Release|x64.Build.0 = Release|Any CPU
		{B64DAAF4-A2DB-4FFC-A663-770366011383}.Release|x86.ActiveCfg = Release|Any CPU
		{B64DAAF4-A2DB-4FFC-A663-770366011383}.Release|x86.Build.0 = Release|Any CPU
		{3EAF2769-130B-4D54-BCC8-46EF8B826E98}.Debug|Any CPU.ActiveCfg = Debug|Any CPU
		{3EAF2769-130B-4D54-BCC8-46EF8B826E98}.Debug|Any CPU.Build.0 = Debug|Any CPU
		{3EAF2769-130B-4D54-BCC8-46EF8B826E98}.Debug|x64.ActiveCfg = Debug|Any CPU
		{3EAF2769-130B-4D54-BCC8-46EF8B826E98}.Debug|x64.Build.0 = Debug|Any CPU
		{3EAF2769-130B-4D54-BCC8-46EF8B826E98}.Debug|x86.ActiveCfg = Debug|Any CPU
		{3EAF2769-130B-4D54-BCC8-46EF8B826E98}.Debug|x86.Build.0 = Debug|Any CPU
		{3EAF2769-130B-4D54-BCC8-46EF8B826E98}.Release|Any CPU.ActiveCfg = Release|Any CPU
		{3EAF2769-130B-4D54-BCC8-46EF8B826E98}.Release|Any CPU.Build.0 = Release|Any CPU
		{3EAF2769-130B-4D54-BCC8-46EF8B826E98}.Release|x64.ActiveCfg = Release|Any CPU
		{3EAF2769-130B-4D54-BCC8-46EF8B826E98}.Release|x64.Build.0 = Release|Any CPU
		{3EAF2769-130B-4D54-BCC8-46EF8B826E98}.Release|x86.ActiveCfg = Release|Any CPU
		{3EAF2769-130B-4D54-BCC8-46EF8B826E98}.Release|x86.Build.0 = Release|Any CPU
		{D5E7557A-717B-4920-B21A-5D0FE77380E0}.Debug|Any CPU.ActiveCfg = Debug|Any CPU
		{D5E7557A-717B-4920-B21A-5D0FE77380E0}.Debug|Any CPU.Build.0 = Debug|Any CPU
		{D5E7557A-717B-4920-B21A-5D0FE77380E0}.Debug|x64.ActiveCfg = Debug|Any CPU
		{D5E7557A-717B-4920-B21A-5D0FE77380E0}.Debug|x64.Build.0 = Debug|Any CPU
		{D5E7557A-717B-4920-B21A-5D0FE77380E0}.Debug|x86.ActiveCfg = Debug|Any CPU
		{D5E7557A-717B-4920-B21A-5D0FE77380E0}.Debug|x86.Build.0 = Debug|Any CPU
		{D5E7557A-717B-4920-B21A-5D0FE77380E0}.Release|Any CPU.ActiveCfg = Release|Any CPU
		{D5E7557A-717B-4920-B21A-5D0FE77380E0}.Release|Any CPU.Build.0 = Release|Any CPU
		{D5E7557A-717B-4920-B21A-5D0FE77380E0}.Release|x64.ActiveCfg = Release|Any CPU
		{D5E7557A-717B-4920-B21A-5D0FE77380E0}.Release|x64.Build.0 = Release|Any CPU
		{D5E7557A-717B-4920-B21A-5D0FE77380E0}.Release|x86.ActiveCfg = Release|Any CPU
		{D5E7557A-717B-4920-B21A-5D0FE77380E0}.Release|x86.Build.0 = Release|Any CPU
	EndGlobalSection
	GlobalSection(SolutionProperties) = preSolution
		HideSolutionNode = FALSE
	EndGlobalSection
EndGlobal
